
Microsoft Visual Studio Solution File, Format Version 12.00
# Visual Studio Version 17
VisualStudioVersion = 17.10.35013.160
MinimumVisualStudioVersion = 10.0.40219.1
Project("{FAE04EC0-301F-11D3-BF4B-00C04F79EFBC}") = "Versionering", "Versionering.csproj", "{11BE169B-73DE-4780-A1B5-AA18AE3A1C79}"
EndProject
Global
	GlobalSection(SolutionConfigurationPlatforms) = preSolution
		Debug|Any CPU = Debug|Any CPU
		Release|Any CPU = Release|Any CPU
	EndGlobalSection
	GlobalSection(ProjectConfigurationPlatforms) = postSolution
		{11BE169B-73DE-4780-A1B5-AA18AE3A1C79}.Debug|Any CPU.ActiveCfg = Debug|Any CPU
		{11BE169B-73DE-4780-A1B5-AA18AE3A1C79}.Debug|Any CPU.Build.0 = Debug|Any CPU
		{11BE169B-73DE-4780-A1B5-AA18AE3A1C79}.Release|Any CPU.ActiveCfg = Release|Any CPU
		{11BE169B-73DE-4780-A1B5-AA18AE3A1C79}.Release|Any CPU.Build.0 = Release|Any CPU
	EndGlobalSection
	GlobalSection(SolutionProperties) = preSolution
		HideSolutionNode = FALSE
	EndGlobalSection
	GlobalSection(ExtensibilityGlobals) = postSolution
		SolutionGuid = {59117303-150E-41E3-852B-00391EA30C54}
	EndGlobalSection
EndGlobal
